{
  "name": "@alimo/components",
  "version": "1.0.0",
  "lockfileVersion": 3,
  "requires": true,
  "packages": {
    "": {
      "name": "@alimo/components",
      "version": "1.0.0",
      "license": "ISC",
      "dependencies": {
        "styled-components": "^6.1.12"
      },
      "devDependencies": {
        "@chromatic-com/storybook": "^1.6.1",
        "@storybook/addon-actions": "^8.2.5",
        "@storybook/addon-essentials": "^8.2.5",
        "@storybook/addon-interactions": "^8.2.5",
        "@storybook/addon-links": "^8.2.5",
        "@storybook/addon-onboarding": "^8.2.5",
        "@storybook/addons": "^7.6.17",
        "@storybook/blocks": "^8.2.5",
        "@storybook/react": "^8.2.5",
        "@storybook/react-vite": "^8.2.5",
        "@storybook/test": "^8.2.5",
        "prop-types": "^15.8.1",
        "storybook": "^8.2.5"
      }
    },
    "../../node_modules/.pnpm/@chromatic-com+storybook@1.6.1_react@18.3.1/node_modules/@chromatic-com/storybook": {
      "version": "1.6.1",
      "dev": true,
      "license": "MIT",
      "dependencies": {
        "chromatic": "^11.4.0",
        "filesize": "^10.0.12",
        "jsonfile": "^6.1.0",
        "react-confetti": "^6.1.0",
        "strip-ansi": "^7.1.0"
      },
      "devDependencies": {
        "@emotion/weak-memoize": "^0.3.1",
        "@graphql-codegen/cli": "^4.0.1",
        "@graphql-codegen/client-preset": "^4.0.1",
        "@graphql-typed-document-node/core": "^3.2.0",
        "@storybook/addon-actions": "^8.0.0",
        "@storybook/addon-designs": "^8.0.0",
        "@storybook/addon-essentials": "^8.0.0",
        "@storybook/addon-interactions": "^8.0.0",
        "@storybook/addon-mdx-gfm": "^8.0.0",
        "@storybook/blocks": "^8.0.0",
        "@storybook/channels": "^8.0.0",
        "@storybook/client-logger": "^8.0.0",
        "@storybook/components": "^8.0.0",
        "@storybook/core-events": "^8.0.0",
        "@storybook/eslint-config-storybook": "^3.1.2",
        "@storybook/icons": "^1.2.8",
        "@storybook/manager": "^8.0.0",
        "@storybook/manager-api": "^8.0.0",
        "@storybook/preview": "^8.0.0",
        "@storybook/react": "^8.0.0",
        "@storybook/react-vite": "^8.0.0",
        "@storybook/telemetry": "^8.0.0",
        "@storybook/test": "^8.0.0",
        "@storybook/testing-library": "^0.2.2",
        "@storybook/theming": "^8.0.0",
        "@storybook/types": "^8.0.0",
        "@types/jsonfile": "^6.1.1",
        "@types/node": "^18.15.0",
        "@types/pluralize": "^0.0.29",
        "@types/react": "^16.14.0",
        "@types/react-dom": "^16.9.24",
        "@typescript-eslint/eslint-plugin": "^5.59.11",
        "@typescript-eslint/parser": "^5.59.11",
        "@urql/exchange-auth": "^2.1.6",
        "@vitejs/plugin-react": "^3.1.0",
        "auto": "^11.0.5",
        "boxen": "^5.0.1",
        "date-fns": "^2.30.0",
        "dedent": "^0.7.0",
        "eslint": "^8.42.0",
        "eslint-plugin-jest": "^27.2.1",
        "eslint-plugin-simple-import-sort": "^10.0.0",
        "eslint-plugin-storybook": "^0.6.15",
        "graphql": "^16.8.1",
        "msw": "^2.0.0",
        "msw-storybook-addon": "2.0.0--canary.122.b3ed3b1.0",
        "npm-run-all": "^4.1.5",
        "pluralize": "^8.0.0",
        "polished": "^4.2.2",
        "prettier": "^2.8.8",
        "prompts": "^2.4.2",
        "prop-types": "^15.8.1",
        "react": "^16.14.0",
        "react-dom": "^16.14.0",
        "react-joyride": "^2.7.2",
        "rimraf": "^3.0.2",
        "storybook": "^8.0.0",
        "ts-dedent": "^2.2.0",
        "tsup": "^6.6.3",
        "typescript": "^4.9.5",
        "urql": "^4.0.3",
        "uuid": "^9.0.0",
        "vite": "^4.1.4",
        "vite-plugin-environment": "^1.1.3",
        "vite-plugin-turbosnap": "^1.0.3",
        "vitest": "^1.3.1",
        "zod": "^3.22.2",
        "zx": "^1.14.1"
      },
      "engines": {
        "node": ">=16.0.0",
        "yarn": ">=1.22.18"
      }
    },
    "../../node_modules/.pnpm/@storybook+addon-actions@8.2.5_storybook@8.2.5_@babel+preset-env@7.24.8_@babel+core@7.24.9__/node_modules/@storybook/addon-actions": {
      "version": "8.2.5",
      "dev": true,
      "license": "MIT",
      "dependencies": {
        "@storybook/global": "^5.0.0",
        "@types/uuid": "^9.0.1",
        "dequal": "^2.0.2",
        "polished": "^4.2.2",
        "uuid": "^9.0.0"
      },
      "devDependencies": {
        "@storybook/test": "8.2.5",
        "react": "^18.2.0",
        "react-dom": "^18.2.0",
        "react-inspector": "^6.0.0",
        "telejson": "^7.2.0",
        "typescript": "^5.3.2"
      },
      "funding": {
        "type": "opencollective",
        "url": "https://opencollective.com/storybook"
      },
      "peerDependencies": {
        "storybook": "^8.2.5"
      }
    },
    "../../node_modules/.pnpm/@storybook+addon-essentials@8.2.5_storybook@8.2.5_@babel+preset-env@7.24.8_@babel+core@7.24.9__/node_modules/@storybook/addon-essentials": {
      "version": "8.2.5",
      "dev": true,
      "license": "MIT",
      "dependencies": {
        "@storybook/addon-actions": "8.2.5",
        "@storybook/addon-backgrounds": "8.2.5",
        "@storybook/addon-controls": "8.2.5",
        "@storybook/addon-docs": "8.2.5",
        "@storybook/addon-highlight": "8.2.5",
        "@storybook/addon-measure": "8.2.5",
        "@storybook/addon-outline": "8.2.5",
        "@storybook/addon-toolbars": "8.2.5",
        "@storybook/addon-viewport": "8.2.5",
        "ts-dedent": "^2.0.0"
      },
      "devDependencies": {
        "typescript": "^5.3.2"
      },
      "funding": {
        "type": "opencollective",
        "url": "https://opencollective.com/storybook"
      },
      "peerDependencies": {
        "storybook": "^8.2.5"
      }
    },
    "../../node_modules/.pnpm/@storybook+addon-interactions@8.2.5_storybook@8.2.5_@babel+preset-env@7.24.8_@babel+core@7.24.9__/node_modules/@storybook/addon-interactions": {
      "version": "8.2.5",
      "dev": true,
      "license": "MIT",
      "dependencies": {
        "@storybook/global": "^5.0.0",
        "@storybook/instrumenter": "8.2.5",
        "@storybook/test": "8.2.5",
        "polished": "^4.2.2",
        "ts-dedent": "^2.2.0"
      },
      "devDependencies": {
        "@devtools-ds/object-inspector": "^1.1.2",
        "@storybook/icons": "^1.2.5",
        "@types/node": "^18.0.0",
        "formik": "^2.2.9",
        "react": "^18.2.0",
        "react-dom": "^18.2.0",
        "typescript": "^5.3.2"
      },
      "funding": {
        "type": "opencollective",
        "url": "https://opencollective.com/storybook"
      },
      "peerDependencies": {
        "storybook": "^8.2.5"
      }
    },
    "../../node_modules/.pnpm/@storybook+addon-links@8.2.5_react@18.3.1_storybook@8.2.5_@babel+preset-env@7.24.8_@babel+core@7.24.9__/node_modules/@storybook/addon-links": {
      "version": "8.2.5",
      "dev": true,
      "license": "MIT",
      "dependencies": {
        "@storybook/csf": "0.1.11",
        "@storybook/global": "^5.0.0",
        "ts-dedent": "^2.0.0"
      },
      "devDependencies": {
        "fs-extra": "^11.1.0",
        "typescript": "^5.3.2"
      },
      "funding": {
        "type": "opencollective",
        "url": "https://opencollective.com/storybook"
      },
      "peerDependencies": {
        "react": "^16.8.0 || ^17.0.0 || ^18.0.0 || ^19.0.0-beta",
        "storybook": "^8.2.5"
      },
      "peerDependenciesMeta": {
        "react": {
          "optional": true
        }
      }
    },
    "../../node_modules/.pnpm/@storybook+addon-onboarding@8.2.5_react@18.3.1_storybook@8.2.5_@babel+preset-env@7.24.8_@babel+core@7.24.9__/node_modules/@storybook/addon-onboarding": {
      "version": "8.2.5",
      "dev": true,
      "license": "MIT",
      "dependencies": {
        "react-confetti": "^6.1.0"
      },
      "devDependencies": {
        "@radix-ui/react-dialog": "^1.0.5",
        "@storybook/icons": "^1.2.5",
        "@storybook/react": "8.2.5",
        "framer-motion": "^11.0.3",
        "react": "^18.2.0",
        "react-dom": "^18.2.0",
        "react-joyride": "^2.8.2",
        "react-use-measure": "^2.1.1",
        "typescript": "^5.3.2"
      },
      "funding": {
        "type": "opencollective",
        "url": "https://opencollective.com/storybook"
      },
      "peerDependencies": {
        "storybook": "^8.2.5"
      }
    },
    "../../node_modules/.pnpm/@storybook+addons@7.6.17_react-dom@18.3.1_react@18.3.1__react@18.3.1/node_modules/@storybook/addons": {
      "version": "7.6.17",
      "dev": true,
      "license": "MIT",
      "dependencies": {
        "@storybook/manager-api": "7.6.17",
        "@storybook/preview-api": "7.6.17",
        "@storybook/types": "7.6.17"
      },
      "funding": {
        "type": "opencollective",
        "url": "https://opencollective.com/storybook"
      }
    },
    "../../node_modules/.pnpm/@storybook+blocks@8.2.5_react-dom@18.3.1_react@18.3.1__react@18.3.1_storybook@8.2.5_@babel+pr_ymg5zujakg7scgxujancxzmzpu/node_modules/@storybook/blocks": {
      "version": "8.2.5",
      "dev": true,
      "license": "MIT",
      "dependencies": {
        "@storybook/csf": "0.1.11",
        "@storybook/global": "^5.0.0",
        "@storybook/icons": "^1.2.5",
        "@types/lodash": "^4.14.167",
        "color-convert": "^2.0.1",
        "dequal": "^2.0.2",
        "lodash": "^4.17.21",
        "markdown-to-jsx": "^7.4.5",
        "memoizerific": "^1.11.3",
        "polished": "^4.2.2",
        "react-colorful": "^5.1.2",
        "telejson": "^7.2.0",
        "ts-dedent": "^2.0.0",
        "util-deprecate": "^1.0.2"
      },
      "devDependencies": {
        "@storybook/addon-actions": "8.2.5",
        "@storybook/test": "8.2.5",
        "@types/color-convert": "^2.0.0",
        "tocbot": "^4.20.1"
      },
      "funding": {
        "type": "opencollective",
        "url": "https://opencollective.com/storybook"
      },
      "peerDependencies": {
        "react": "^16.8.0 || ^17.0.0 || ^18.0.0 || ^19.0.0-beta",
        "react-dom": "^16.8.0 || ^17.0.0 || ^18.0.0 || ^19.0.0-beta",
        "storybook": "^8.2.5"
      },
      "peerDependenciesMeta": {
        "react": {
          "optional": true
        },
        "react-dom": {
          "optional": true
        }
      }
    },
    "../../node_modules/.pnpm/@storybook+react-vite@8.2.5_react-dom@18.3.1_react@18.3.1__react@18.3.1_rollup@4.19.0_storybo_h73bbfwfwpedpudqfnpizuyhai/node_modules/@storybook/react-vite": {
      "version": "8.2.5",
      "dev": true,
      "license": "MIT",
      "dependencies": {
        "@joshwooding/vite-plugin-react-docgen-typescript": "0.3.1",
        "@rollup/pluginutils": "^5.0.2",
        "@storybook/builder-vite": "8.2.5",
        "@storybook/react": "8.2.5",
        "find-up": "^5.0.0",
        "magic-string": "^0.30.0",
        "react-docgen": "^7.0.0",
        "resolve": "^1.22.8",
        "tsconfig-paths": "^4.2.0"
      },
      "devDependencies": {
        "@types/node": "^18.0.0",
        "typescript": "^5.3.2",
        "vite": "^4.0.0"
      },
      "engines": {
        "node": ">=18.0.0"
      },
      "funding": {
        "type": "opencollective",
        "url": "https://opencollective.com/storybook"
      },
      "peerDependencies": {
        "react": "^16.8.0 || ^17.0.0 || ^18.0.0 || ^19.0.0-beta",
        "react-dom": "^16.8.0 || ^17.0.0 || ^18.0.0 || ^19.0.0-beta",
        "storybook": "^8.2.5",
        "vite": "^4.0.0 || ^5.0.0"
      }
    },
    "../../node_modules/.pnpm/@storybook+react@8.2.5_react-dom@18.3.1_react@18.3.1__react@18.3.1_storybook@8.2.5_@babel+pre_uruj4anqqey4kwaqs6jwafmwky/node_modules/@storybook/react": {
      "version": "8.2.5",
      "dev": true,
      "license": "MIT",
      "dependencies": {
        "@storybook/components": "^8.2.5",
        "@storybook/global": "^5.0.0",
        "@storybook/manager-api": "^8.2.5",
        "@storybook/preview-api": "^8.2.5",
        "@storybook/react-dom-shim": "8.2.5",
        "@storybook/theming": "^8.2.5",
        "@types/escodegen": "^0.0.6",
        "@types/estree": "^0.0.51",
        "@types/node": "^18.0.0",
        "acorn": "^7.4.1",
        "acorn-jsx": "^5.3.1",
        "acorn-walk": "^7.2.0",
        "escodegen": "^2.1.0",
        "html-tags": "^3.1.0",
        "lodash": "^4.17.21",
        "prop-types": "^15.7.2",
        "react-element-to-jsx-string": "^15.0.0",
        "semver": "^7.3.7",
        "ts-dedent": "^2.0.0",
        "type-fest": "~2.19",
        "util-deprecate": "^1.0.2"
      },
      "devDependencies": {
        "@storybook/blocks": "8.2.5",
        "@storybook/test": "8.2.5",
        "@types/babel-plugin-react-docgen": "^4",
        "@types/semver": "^7.3.4",
        "@types/util-deprecate": "^1.0.0",
        "babel-plugin-react-docgen": "^4.2.1",
        "expect-type": "^0.15.0",
        "require-from-string": "^2.0.2"
      },
      "engines": {
        "node": ">=18.0.0"
      },
      "funding": {
        "type": "opencollective",
        "url": "https://opencollective.com/storybook"
      },
      "peerDependencies": {
        "react": "^16.8.0 || ^17.0.0 || ^18.0.0 || ^19.0.0-beta",
        "react-dom": "^16.8.0 || ^17.0.0 || ^18.0.0 || ^19.0.0-beta",
        "storybook": "^8.2.5",
        "typescript": ">= 4.2.x"
      },
      "peerDependenciesMeta": {
        "typescript": {
          "optional": true
        }
      }
    },
    "../../node_modules/.pnpm/@storybook+test@8.2.5_storybook@8.2.5_@babel+preset-env@7.24.8_@babel+core@7.24.9__/node_modules/@storybook/test": {
      "version": "8.2.5",
      "dev": true,
      "license": "MIT",
      "dependencies": {
        "@storybook/csf": "0.1.11",
        "@storybook/instrumenter": "8.2.5",
        "@testing-library/dom": "10.1.0",
        "@testing-library/jest-dom": "6.4.5",
        "@testing-library/user-event": "14.5.2",
        "@vitest/expect": "1.6.0",
        "@vitest/spy": "1.6.0",
        "util": "^0.12.4"
      },
      "devDependencies": {
        "chai": "^4.4.1",
        "tinyspy": "^2.2.0",
        "ts-dedent": "^2.2.0",
        "type-fest": "~2.19",
        "typescript": "^5.3.2"
      },
      "funding": {
        "type": "opencollective",
        "url": "https://opencollective.com/storybook"
      },
      "peerDependencies": {
        "storybook": "^8.2.5"
      }
    },
    "../../node_modules/.pnpm/prop-types@15.8.1/node_modules/prop-types": {
      "version": "15.8.1",
      "dev": true,
      "license": "MIT",
      "dependencies": {
        "loose-envify": "^1.4.0",
        "object-assign": "^4.1.1",
        "react-is": "^16.13.1"
      },
      "devDependencies": {
        "babel-jest": "^19.0.0",
        "babel-preset-react": "^6.24.1",
        "browserify": "^16.5.0",
        "bundle-collapser": "^1.4.0",
        "eslint": "^8.6.0",
        "in-publish": "^2.0.1",
        "jest": "^19.0.2",
        "react": "^15.7.0",
        "uglifyify": "^5.0.2",
        "uglifyjs": "^2.4.11"
      }
    },
    "../../node_modules/.pnpm/storybook@8.2.5_@babel+preset-env@7.24.8_@babel+core@7.24.9_/node_modules/storybook": {
      "version": "8.2.5",
      "dev": true,
      "license": "MIT",
      "dependencies": {
        "@babel/core": "^7.24.4",
        "@babel/types": "^7.24.0",
        "@storybook/codemod": "8.2.5",
        "@storybook/core": "8.2.5",
        "@types/semver": "^7.3.4",
        "@yarnpkg/fslib": "2.10.3",
        "@yarnpkg/libzip": "2.3.0",
        "chalk": "^4.1.0",
        "commander": "^6.2.1",
        "cross-spawn": "^7.0.3",
        "detect-indent": "^6.1.0",
        "envinfo": "^7.7.3",
        "execa": "^5.0.0",
        "fd-package-json": "^1.2.0",
        "find-up": "^5.0.0",
        "fs-extra": "^11.1.0",
        "giget": "^1.0.0",
        "globby": "^14.0.1",
        "jscodeshift": "^0.15.1",
        "leven": "^3.1.0",
        "ora": "^5.4.1",
        "prettier": "^3.1.1",
        "prompts": "^2.4.0",
        "semver": "^7.3.7",
        "strip-json-comments": "^3.0.1",
        "tempy": "^3.1.0",
        "tiny-invariant": "^1.3.1",
        "ts-dedent": "^2.0.0"
      },
      "bin": {
        "getstorybook": "bin/index.cjs",
        "sb": "bin/index.cjs",
        "storybook": "bin/index.cjs"
      },
      "devDependencies": {
        "@ndelangen/get-tarball": "^3.0.7",
        "@types/cross-spawn": "^6.0.2",
        "@types/prompts": "^2.0.9",
        "@types/util-deprecate": "^1.0.0",
        "boxen": "^7.1.1",
        "get-npm-tarball-url": "^2.0.3",
        "slash": "^5.0.0",
        "strip-ansi": "^7.1.0",
        "strip-json-comments": "^3.1.1",
        "typescript": "^5.3.2"
      },
      "funding": {
        "type": "opencollective",
        "url": "https://opencollective.com/storybook"
      }
    },
    "node_modules/@chromatic-com/storybook": {
      "resolved": "../../node_modules/.pnpm/@chromatic-com+storybook@1.6.1_react@18.3.1/node_modules/@chromatic-com/storybook",
      "link": true
    },
    "node_modules/@emotion/is-prop-valid": {
      "version": "1.2.2",
      "resolved": "https://registry.npmjs.org/@emotion/is-prop-valid/-/is-prop-valid-1.2.2.tgz",
      "integrity": "sha512-uNsoYd37AFmaCdXlg6EYD1KaPOaRWRByMCYzbKUX4+hhMfrxdVSelShywL4JVaAeM/eHUOSprYBQls+/neX3pw==",
      "dependencies": {
        "@emotion/memoize": "^0.8.1"
      }
    },
    "node_modules/@emotion/memoize": {
      "version": "0.8.1",
      "resolved": "https://registry.npmjs.org/@emotion/memoize/-/memoize-0.8.1.tgz",
      "integrity": "sha512-W2P2c/VRW1/1tLox0mVUalvnWXxavmv/Oum2aPsRcoDJuob75FC3Y8FbpfLwUegRcxINtGUMPq0tFCvYNTBXNA=="
    },
    "node_modules/@emotion/unitless": {
      "version": "0.8.1",
      "resolved": "https://registry.npmjs.org/@emotion/unitless/-/unitless-0.8.1.tgz",
      "integrity": "sha512-KOEGMu6dmJZtpadb476IsZBclKvILjopjUii3V+7MnXIQCYh8W3NgNcgwo21n9LXZX6EDIKvqfjYxXebDwxKmQ=="
    },
    "node_modules/@storybook/addon-actions": {
      "resolved": "../../node_modules/.pnpm/@storybook+addon-actions@8.2.5_storybook@8.2.5_@babel+preset-env@7.24.8_@babel+core@7.24.9__/node_modules/@storybook/addon-actions",
      "link": true
    },
    "node_modules/@storybook/addon-essentials": {
      "resolved": "../../node_modules/.pnpm/@storybook+addon-essentials@8.2.5_storybook@8.2.5_@babel+preset-env@7.24.8_@babel+core@7.24.9__/node_modules/@storybook/addon-essentials",
      "link": true
    },
    "node_modules/@storybook/addon-interactions": {
      "resolved": "../../node_modules/.pnpm/@storybook+addon-interactions@8.2.5_storybook@8.2.5_@babel+preset-env@7.24.8_@babel+core@7.24.9__/node_modules/@storybook/addon-interactions",
      "link": true
    },
    "node_modules/@storybook/addon-links": {
      "resolved": "../../node_modules/.pnpm/@storybook+addon-links@8.2.5_react@18.3.1_storybook@8.2.5_@babel+preset-env@7.24.8_@babel+core@7.24.9__/node_modules/@storybook/addon-links",
      "link": true
    },
    "node_modules/@storybook/addon-onboarding": {
      "resolved": "../../node_modules/.pnpm/@storybook+addon-onboarding@8.2.5_react@18.3.1_storybook@8.2.5_@babel+preset-env@7.24.8_@babel+core@7.24.9__/node_modules/@storybook/addon-onboarding",
      "link": true
    },
    "node_modules/@storybook/addons": {
      "resolved": "../../node_modules/.pnpm/@storybook+addons@7.6.17_react-dom@18.3.1_react@18.3.1__react@18.3.1/node_modules/@storybook/addons",
      "link": true
    },
    "node_modules/@storybook/blocks": {
      "resolved": "../../node_modules/.pnpm/@storybook+blocks@8.2.5_react-dom@18.3.1_react@18.3.1__react@18.3.1_storybook@8.2.5_@babel+pr_ymg5zujakg7scgxujancxzmzpu/node_modules/@storybook/blocks",
      "link": true
    },
    "node_modules/@storybook/react": {
      "resolved": "../../node_modules/.pnpm/@storybook+react@8.2.5_react-dom@18.3.1_react@18.3.1__react@18.3.1_storybook@8.2.5_@babel+pre_uruj4anqqey4kwaqs6jwafmwky/node_modules/@storybook/react",
      "link": true
    },
    "node_modules/@storybook/react-vite": {
      "resolved": "../../node_modules/.pnpm/@storybook+react-vite@8.2.5_react-dom@18.3.1_react@18.3.1__react@18.3.1_rollup@4.19.0_storybo_h73bbfwfwpedpudqfnpizuyhai/node_modules/@storybook/react-vite",
      "link": true
    },
    "node_modules/@storybook/test": {
      "resolved": "../../node_modules/.pnpm/@storybook+test@8.2.5_storybook@8.2.5_@babel+preset-env@7.24.8_@babel+core@7.24.9__/node_modules/@storybook/test",
      "link": true
    },
    "node_modules/@types/stylis": {
      "version": "4.2.5",
      "resolved": "https://registry.npmjs.org/@types/stylis/-/stylis-4.2.5.tgz",
      "integrity": "sha512-1Xve+NMN7FWjY14vLoY5tL3BVEQ/n42YLwaqJIPYhotZ9uBHt87VceMwWQpzmdEt2TNXIorIFG+YeCUUW7RInw=="
    },
    "node_modules/camelize": {
      "version": "1.0.1",
      "resolved": "https://registry.npmjs.org/camelize/-/camelize-1.0.1.tgz",
      "integrity": "sha512-dU+Tx2fsypxTgtLoE36npi3UqcjSSMNYfkqgmoEhtZrraP5VWq0K7FkWVTYa8eMPtnU/G2txVsfdCJTn9uzpuQ==",
      "funding": {
        "url": "https://github.com/sponsors/ljharb"
      }
    },
    "node_modules/css-color-keywords": {
      "version": "1.0.0",
      "resolved": "https://registry.npmjs.org/css-color-keywords/-/css-color-keywords-1.0.0.tgz",
      "integrity": "sha512-FyyrDHZKEjXDpNJYvVsV960FiqQyXc/LlYmsxl2BcdMb2WPx0OGRVgTg55rPSyLSNMqP52R9r8geSp7apN3Ofg==",
      "engines": {
        "node": ">=4"
      }
    },
    "node_modules/css-to-react-native": {
      "version": "3.2.0",
      "resolved": "https://registry.npmjs.org/css-to-react-native/-/css-to-react-native-3.2.0.tgz",
      "integrity": "sha512-e8RKaLXMOFii+02mOlqwjbD00KSEKqblnpO9e++1aXS1fPQOpS1YoqdVHBqPjHNoxeF2mimzVqawm2KCbEdtHQ==",
      "dependencies": {
        "camelize": "^1.0.0",
        "css-color-keywords": "^1.0.0",
        "postcss-value-parser": "^4.0.2"
      }
    },
    "node_modules/csstype": {
      "version": "3.1.3",
      "resolved": "https://registry.npmjs.org/csstype/-/csstype-3.1.3.tgz",
      "integrity": "sha512-M1uQkMl8rQK/szD0LNhtqxIPLpimGm8sOBwU7lLnCpSbTyY3yeU1Vc7l4KT5zT4s/yOxHH5O7tIuuLOCnLADRw=="
    },
    "node_modules/js-tokens": {
      "version": "4.0.0",
      "resolved": "https://registry.npmjs.org/js-tokens/-/js-tokens-4.0.0.tgz",
      "integrity": "sha512-RdJUflcE3cUzKiMqQgsCu06FPu9UdIJO0beYbPhHN4k6apgJtifcoCtT9bcxOpYBtpD2kCM6Sbzg4CausW/PKQ==",
      "peer": true
    },
    "node_modules/loose-envify": {
      "version": "1.4.0",
      "resolved": "https://registry.npmjs.org/loose-envify/-/loose-envify-1.4.0.tgz",
      "integrity": "sha512-lyuxPGr/Wfhrlem2CL/UcnUc1zcqKAImBDzukY7Y5F/yQiNdko6+fRLevlw1HgMySw7f611UIY408EtxRSoK3Q==",
      "peer": true,
      "dependencies": {
        "js-tokens": "^3.0.0 || ^4.0.0"
      },
      "bin": {
        "loose-envify": "cli.js"
      }
    },
    "node_modules/nanoid": {
      "version": "3.3.7",
      "resolved": "https://registry.npmjs.org/nanoid/-/nanoid-3.3.7.tgz",
      "integrity": "sha512-eSRppjcPIatRIMC1U6UngP8XFcz8MQWGQdt1MTBQ7NaAmvXDfvNxbvWV3x2y6CdEUciCSsDHDQZbhYaB8QEo2g==",
      "funding": [
        {
          "type": "github",
          "url": "https://github.com/sponsors/ai"
        }
      ],
      "bin": {
        "nanoid": "bin/nanoid.cjs"
      },
      "engines": {
        "node": "^10 || ^12 || ^13.7 || ^14 || >=15.0.1"
      }
    },
    "node_modules/picocolors": {
      "version": "1.0.1",
      "resolved": "https://registry.npmjs.org/picocolors/-/picocolors-1.0.1.tgz",
      "integrity": "sha512-anP1Z8qwhkbmu7MFP5iTt+wQKXgwzf7zTyGlcdzabySa9vd0Xt392U0rVmz9poOaBj0uHJKyyo9/upk0HrEQew=="
    },
    "node_modules/postcss": {
      "version": "8.4.38",
      "resolved": "https://registry.npmjs.org/postcss/-/postcss-8.4.38.tgz",
      "integrity": "sha512-Wglpdk03BSfXkHoQa3b/oulrotAkwrlLDRSOb9D0bN86FdRyE9lppSp33aHNPgBa0JKCoB+drFLZkQoRRYae5A==",
      "funding": [
        {
          "type": "opencollective",
          "url": "https://opencollective.com/postcss/"
        },
        {
          "type": "tidelift",
          "url": "https://tidelift.com/funding/github/npm/postcss"
        },
        {
          "type": "github",
          "url": "https://github.com/sponsors/ai"
        }
      ],
      "dependencies": {
        "nanoid": "^3.3.7",
        "picocolors": "^1.0.0",
        "source-map-js": "^1.2.0"
      },
      "engines": {
        "node": "^10 || ^12 || >=14"
      }
    },
    "node_modules/postcss-value-parser": {
      "version": "4.2.0",
      "resolved": "https://registry.npmjs.org/postcss-value-parser/-/postcss-value-parser-4.2.0.tgz",
      "integrity": "sha512-1NNCs6uurfkVbeXG4S8JFT9t19m45ICnif8zWLd5oPSZ50QnwMfK+H3jv408d4jw/7Bttv5axS5IiHoLaVNHeQ=="
    },
    "node_modules/prop-types": {
      "resolved": "../../node_modules/.pnpm/prop-types@15.8.1/node_modules/prop-types",
      "link": true
    },
    "node_modules/react": {
      "version": "18.3.1",
      "resolved": "https://registry.npmjs.org/react/-/react-18.3.1.tgz",
      "integrity": "sha512-wS+hAgJShR0KhEvPJArfuPVN1+Hz1t0Y6n5jLrGQbkb4urgPE/0Rve+1kMB1v/oWgHgm4WIcV+i7F2pTVj+2iQ==",
      "peer": true,
      "dependencies": {
        "loose-envify": "^1.1.0"
      },
      "engines": {
        "node": ">=0.10.0"
      }
    },
    "node_modules/react-dom": {
      "version": "18.3.1",
      "resolved": "https://registry.npmjs.org/react-dom/-/react-dom-18.3.1.tgz",
      "integrity": "sha512-5m4nQKp+rZRb09LNH59GM4BxTh9251/ylbKIbpe7TpGxfJ+9kv6BLkLBXIjjspbgbnIBNqlI23tRnTWT0snUIw==",
      "peer": true,
      "dependencies": {
        "loose-envify": "^1.1.0",
        "scheduler": "^0.23.2"
      },
      "peerDependencies": {
        "react": "^18.3.1"
      }
    },
    "node_modules/scheduler": {
      "version": "0.23.2",
      "resolved": "https://registry.npmjs.org/scheduler/-/scheduler-0.23.2.tgz",
      "integrity": "sha512-UOShsPwz7NrMUqhR6t0hWjFduvOzbtv7toDH1/hIrfRNIDBnnBWd0CwJTGvTpngVlmwGCdP9/Zl/tVrDqcuYzQ==",
      "peer": true,
      "dependencies": {
        "loose-envify": "^1.1.0"
      }
    },
    "node_modules/shallowequal": {
      "version": "1.1.0",
      "resolved": "https://registry.npmjs.org/shallowequal/-/shallowequal-1.1.0.tgz",
      "integrity": "sha512-y0m1JoUZSlPAjXVtPPW70aZWfIL/dSP7AFkRnniLCrK/8MDKog3TySTBmckD+RObVxH0v4Tox67+F14PdED2oQ=="
    },
    "node_modules/source-map-js": {
      "version": "1.2.0",
      "resolved": "https://registry.npmjs.org/source-map-js/-/source-map-js-1.2.0.tgz",
      "integrity": "sha512-itJW8lvSA0TXEphiRoawsCksnlf8SyvmFzIhltqAHluXd88pkCd+cXJVHTDwdCr0IzwptSm035IHQktUu1QUMg==",
      "engines": {
        "node": ">=0.10.0"
      }
    },
    "node_modules/storybook": {
      "resolved": "../../node_modules/.pnpm/storybook@8.2.5_@babel+preset-env@7.24.8_@babel+core@7.24.9_/node_modules/storybook",
      "link": true
    },
    "node_modules/styled-components": {
      "version": "6.1.12",
      "resolved": "https://registry.npmjs.org/styled-components/-/styled-components-6.1.12.tgz",
      "integrity": "sha512-n/O4PzRPhbYI0k1vKKayfti3C/IGcPf+DqcrOB7O/ab9x4u/zjqraneT5N45+sIe87cxrCApXM8Bna7NYxwoTA==",
      "dependencies": {
        "@emotion/is-prop-valid": "1.2.2",
        "@emotion/unitless": "0.8.1",
        "@types/stylis": "4.2.5",
        "css-to-react-native": "3.2.0",
        "csstype": "3.1.3",
        "postcss": "8.4.38",
        "shallowequal": "1.1.0",
        "stylis": "4.3.2",
        "tslib": "2.6.2"
      },
      "engines": {
        "node": ">= 16"
      },
      "funding": {
        "type": "opencollective",
        "url": "https://opencollective.com/styled-components"
      },
      "peerDependencies": {
        "react": ">= 16.8.0",
        "react-dom": ">= 16.8.0"
      }
    },
    "node_modules/stylis": {
      "version": "4.3.2",
      "resolved": "https://registry.npmjs.org/stylis/-/stylis-4.3.2.tgz",
      "integrity": "sha512-bhtUjWd/z6ltJiQwg0dUfxEJ+W+jdqQd8TbWLWyeIJHlnsqmGLRFFd8e5mA0AZi/zx90smXRlN66YMTcaSFifg=="
    },
    "node_modules/tslib": {
      "version": "2.6.2",
      "resolved": "https://registry.npmjs.org/tslib/-/tslib-2.6.2.tgz",
      "integrity": "sha512-AEYxH93jGFPn/a2iVAwW87VuUIkR1FVUKB77NwMF7nBTDkDrrT/Hpt/IrCJ0QXhW27jTBDcf5ZY7w6RiqTMw2Q=="
    }
  }
}
